// !$*UTF8*$!
{
	archiveVersion = 1;
	classes = {
	};
	objectVersion = 46;
	objects = {

/* Begin PBXAggregateTarget section */
		"Commander::CommanderPackageTests::ProductTarget" /* CommanderPackageTests */ = {
			isa = PBXAggregateTarget;
			buildConfigurationList = OBJ_77 /* Build configuration list for PBXAggregateTarget "CommanderPackageTests" */;
			buildPhases = (
			);
			dependencies = (
				OBJ_80 /* PBXTargetDependency */,
			);
			name = CommanderPackageTests;
			productName = CommanderPackageTests;
		};
/* End PBXAggregateTarget section */

/* Begin PBXBuildFile section */
		OBJ_101 /* Bool+.swift in Sources */ = {isa = PBXBuildFile; fileRef = OBJ_12 /* Bool+.swift */; };
		OBJ_108 /* SampleCommand.swift in Sources */ = {isa = PBXBuildFile; fileRef = OBJ_9 /* SampleCommand.swift */; };
		OBJ_109 /* main.swift in Sources */ = {isa = PBXBuildFile; fileRef = OBJ_10 /* main.swift */; };
		OBJ_111 /* Commander.framework in Frameworks */ = {isa = PBXBuildFile; fileRef = "Commander::Commander::Product" /* Commander.framework */; };
		OBJ_112 /* Utility.framework in Frameworks */ = {isa = PBXBuildFile; fileRef = "Commander::Utility::Product" /* Utility.framework */; };
		OBJ_52 /* BuiltIn.swift in Sources */ = {isa = PBXBuildFile; fileRef = OBJ_15 /* BuiltIn.swift */; };
		OBJ_53 /* Complete.swift in Sources */ = {isa = PBXBuildFile; fileRef = OBJ_17 /* Complete.swift */; };
		OBJ_54 /* Help.swift in Sources */ = {isa = PBXBuildFile; fileRef = OBJ_18 /* Help.swift */; };
		OBJ_55 /* Commander.swift in Sources */ = {isa = PBXBuildFile; fileRef = OBJ_19 /* Commander.swift */; };
		OBJ_56 /* CommandDescriber.swift in Sources */ = {isa = PBXBuildFile; fileRef = OBJ_21 /* CommandDescriber.swift */; };
		OBJ_57 /* CommandPath.swift in Sources */ = {isa = PBXBuildFile; fileRef = OBJ_22 /* CommandPath.swift */; };
		OBJ_58 /* CommandRepresentable.swift in Sources */ = {isa = PBXBuildFile; fileRef = OBJ_23 /* CommandRepresentable.swift */; };
		OBJ_59 /* Error.swift in Sources */ = {isa = PBXBuildFile; fileRef = OBJ_24 /* Error.swift */; };
		OBJ_60 /* OptionDescription.swift in Sources */ = {isa = PBXBuildFile; fileRef = OBJ_26 /* OptionDescription.swift */; };
		OBJ_61 /* OptionsDecoder.swift in Sources */ = {isa = PBXBuildFile; fileRef = OBJ_27 /* OptionsDecoder.swift */; };
		OBJ_62 /* OptionsRepresentable.swift in Sources */ = {isa = PBXBuildFile; fileRef = OBJ_28 /* OptionsRepresentable.swift */; };
		OBJ_63 /* Shell.swift in Sources */ = {isa = PBXBuildFile; fileRef = OBJ_30 /* Shell.swift */; };
		OBJ_64 /* ShellCompletable.swift in Sources */ = {isa = PBXBuildFile; fileRef = OBJ_31 /* ShellCompletable.swift */; };
		OBJ_65 /* misc.swift in Sources */ = {isa = PBXBuildFile; fileRef = OBJ_32 /* misc.swift */; };
		OBJ_67 /* Utility.framework in Frameworks */ = {isa = PBXBuildFile; fileRef = "Commander::Utility::Product" /* Utility.framework */; };
		OBJ_75 /* Package.swift in Sources */ = {isa = PBXBuildFile; fileRef = OBJ_6 /* Package.swift */; };
		OBJ_86 /* CommandPathTests.swift in Sources */ = {isa = PBXBuildFile; fileRef = OBJ_35 /* CommandPathTests.swift */; };
		OBJ_87 /* CommandTests.swift in Sources */ = {isa = PBXBuildFile; fileRef = OBJ_36 /* CommandTests.swift */; };
		OBJ_88 /* CommanderTests.swift in Sources */ = {isa = PBXBuildFile; fileRef = OBJ_37 /* CommanderTests.swift */; };
		OBJ_89 /* GlobalOptionsTests.swift in Sources */ = {isa = PBXBuildFile; fileRef = OBJ_38 /* GlobalOptionsTests.swift */; };
		OBJ_90 /* OptionsDecoderTests.swift in Sources */ = {isa = PBXBuildFile; fileRef = OBJ_39 /* OptionsDecoderTests.swift */; };
		OBJ_91 /* XCTestManifests.swift in Sources */ = {isa = PBXBuildFile; fileRef = OBJ_40 /* XCTestManifests.swift */; };
		OBJ_93 /* Commander.framework in Frameworks */ = {isa = PBXBuildFile; fileRef = "Commander::Commander::Product" /* Commander.framework */; };
		OBJ_94 /* Utility.framework in Frameworks */ = {isa = PBXBuildFile; fileRef = "Commander::Utility::Product" /* Utility.framework */; };
/* End PBXBuildFile section */

/* Begin PBXContainerItemProxy section */
		DCE68E892195D53700B7CA8B /* PBXContainerItemProxy */ = {
			isa = PBXContainerItemProxy;
			containerPortal = OBJ_1 /* Project object */;
			proxyType = 1;
			remoteGlobalIDString = "Commander::Commander";
			remoteInfo = Commander;
		};
		DCE68E8A2195D53700B7CA8B /* PBXContainerItemProxy */ = {
			isa = PBXContainerItemProxy;
			containerPortal = OBJ_1 /* Project object */;
			proxyType = 1;
			remoteGlobalIDString = "Commander::Utility";
			remoteInfo = Utility;
		};
		DCE68E8B2195D53700B7CA8B /* PBXContainerItemProxy */ = {
			isa = PBXContainerItemProxy;
			containerPortal = OBJ_1 /* Project object */;
			proxyType = 1;
			remoteGlobalIDString = "Commander::Utility";
			remoteInfo = Utility;
		};
		DCE68E8C2195D53700B7CA8B /* PBXContainerItemProxy */ = {
			isa = PBXContainerItemProxy;
			containerPortal = OBJ_1 /* Project object */;
			proxyType = 1;
			remoteGlobalIDString = "Commander::Commander";
			remoteInfo = Commander;
		};
		DCE68E8D2195D53700B7CA8B /* PBXContainerItemProxy */ = {
			isa = PBXContainerItemProxy;
			containerPortal = OBJ_1 /* Project object */;
			proxyType = 1;
			remoteGlobalIDString = "Commander::Utility";
			remoteInfo = Utility;
		};
		DCE68E8E2195D53800B7CA8B /* PBXContainerItemProxy */ = {
			isa = PBXContainerItemProxy;
			containerPortal = OBJ_1 /* Project object */;
			proxyType = 1;
			remoteGlobalIDString = "Commander::CommanderTests";
			remoteInfo = CommanderTests;
		};
/* End PBXContainerItemProxy section */

/* Begin PBXFileReference section */
		"Commander::Commander::Product" /* Commander.framework */ = {isa = PBXFileReference; lastKnownFileType = wrapper.framework; path = Commander.framework; sourceTree = BUILT_PRODUCTS_DIR; };
		"Commander::CommanderTests::Product" /* CommanderTests.xctest */ = {isa = PBXFileReference; lastKnownFileType = file; path = CommanderTests.xctest; sourceTree = BUILT_PRODUCTS_DIR; };
		"Commander::Utility::Product" /* Utility.framework */ = {isa = PBXFileReference; lastKnownFileType = wrapper.framework; path = Utility.framework; sourceTree = BUILT_PRODUCTS_DIR; };
		"Commander::commander-sample::Product" /* commander-sample */ = {isa = PBXFileReference; lastKnownFileType = text; path = "commander-sample"; sourceTree = BUILT_PRODUCTS_DIR; };
		OBJ_10 /* main.swift */ = {isa = PBXFileReference; lastKnownFileType = sourcecode.swift; path = main.swift; sourceTree = "<group>"; };
		OBJ_12 /* Bool+.swift */ = {isa = PBXFileReference; lastKnownFileType = sourcecode.swift; path = "Bool+.swift"; sourceTree = "<group>"; };
		OBJ_15 /* BuiltIn.swift */ = {isa = PBXFileReference; lastKnownFileType = sourcecode.swift; path = BuiltIn.swift; sourceTree = "<group>"; };
		OBJ_17 /* Complete.swift */ = {isa = PBXFileReference; lastKnownFileType = sourcecode.swift; path = Complete.swift; sourceTree = "<group>"; };
		OBJ_18 /* Help.swift */ = {isa = PBXFileReference; lastKnownFileType = sourcecode.swift; path = Help.swift; sourceTree = "<group>"; };
		OBJ_19 /* Commander.swift */ = {isa = PBXFileReference; lastKnownFileType = sourcecode.swift; path = Commander.swift; sourceTree = "<group>"; };
		OBJ_21 /* CommandDescriber.swift */ = {isa = PBXFileReference; lastKnownFileType = sourcecode.swift; path = CommandDescriber.swift; sourceTree = "<group>"; };
		OBJ_22 /* CommandPath.swift */ = {isa = PBXFileReference; lastKnownFileType = sourcecode.swift; path = CommandPath.swift; sourceTree = "<group>"; };
		OBJ_23 /* CommandRepresentable.swift */ = {isa = PBXFileReference; lastKnownFileType = sourcecode.swift; path = CommandRepresentable.swift; sourceTree = "<group>"; };
		OBJ_24 /* Error.swift */ = {isa = PBXFileReference; lastKnownFileType = sourcecode.swift; path = Error.swift; sourceTree = "<group>"; };
		OBJ_26 /* OptionDescription.swift */ = {isa = PBXFileReference; lastKnownFileType = sourcecode.swift; path = OptionDescription.swift; sourceTree = "<group>"; };
		OBJ_27 /* OptionsDecoder.swift */ = {isa = PBXFileReference; lastKnownFileType = sourcecode.swift; path = OptionsDecoder.swift; sourceTree = "<group>"; };
		OBJ_28 /* OptionsRepresentable.swift */ = {isa = PBXFileReference; lastKnownFileType = sourcecode.swift; path = OptionsRepresentable.swift; sourceTree = "<group>"; };
		OBJ_30 /* Shell.swift */ = {isa = PBXFileReference; lastKnownFileType = sourcecode.swift; path = Shell.swift; sourceTree = "<group>"; };
		OBJ_31 /* ShellCompletable.swift */ = {isa = PBXFileReference; lastKnownFileType = sourcecode.swift; path = ShellCompletable.swift; sourceTree = "<group>"; };
		OBJ_32 /* misc.swift */ = {isa = PBXFileReference; lastKnownFileType = sourcecode.swift; path = misc.swift; sourceTree = "<group>"; };
		OBJ_35 /* CommandPathTests.swift */ = {isa = PBXFileReference; lastKnownFileType = sourcecode.swift; path = CommandPathTests.swift; sourceTree = "<group>"; };
		OBJ_36 /* CommandTests.swift */ = {isa = PBXFileReference; lastKnownFileType = sourcecode.swift; path = CommandTests.swift; sourceTree = "<group>"; };
		OBJ_37 /* CommanderTests.swift */ = {isa = PBXFileReference; lastKnownFileType = sourcecode.swift; path = CommanderTests.swift; sourceTree = "<group>"; };
		OBJ_38 /* GlobalOptionsTests.swift */ = {isa = PBXFileReference; lastKnownFileType = sourcecode.swift; path = GlobalOptionsTests.swift; sourceTree = "<group>"; };
		OBJ_39 /* OptionsDecoderTests.swift */ = {isa = PBXFileReference; lastKnownFileType = sourcecode.swift; path = OptionsDecoderTests.swift; sourceTree = "<group>"; };
		OBJ_40 /* XCTestManifests.swift */ = {isa = PBXFileReference; lastKnownFileType = sourcecode.swift; path = XCTestManifests.swift; sourceTree = "<group>"; };
		OBJ_41 /* Resources */ = {isa = PBXFileReference; lastKnownFileType = folder; path = Resources; sourceTree = SOURCE_ROOT; };
		OBJ_6 /* Package.swift */ = {isa = PBXFileReference; explicitFileType = sourcecode.swift; path = Package.swift; sourceTree = "<group>"; };
		OBJ_9 /* SampleCommand.swift */ = {isa = PBXFileReference; lastKnownFileType = sourcecode.swift; path = SampleCommand.swift; sourceTree = "<group>"; };
/* End PBXFileReference section */

/* Begin PBXFrameworksBuildPhase section */
		OBJ_102 /* Frameworks */ = {
			isa = PBXFrameworksBuildPhase;
			buildActionMask = 0;
			files = (
			);
			runOnlyForDeploymentPostprocessing = 0;
		};
		OBJ_110 /* Frameworks */ = {
			isa = PBXFrameworksBuildPhase;
			buildActionMask = 0;
			files = (
				OBJ_111 /* Commander.framework in Frameworks */,
				OBJ_112 /* Utility.framework in Frameworks */,
			);
			runOnlyForDeploymentPostprocessing = 0;
		};
		OBJ_66 /* Frameworks */ = {
			isa = PBXFrameworksBuildPhase;
			buildActionMask = 0;
			files = (
				OBJ_67 /* Utility.framework in Frameworks */,
			);
			runOnlyForDeploymentPostprocessing = 0;
		};
		OBJ_92 /* Frameworks */ = {
			isa = PBXFrameworksBuildPhase;
			buildActionMask = 0;
			files = (
				OBJ_93 /* Commander.framework in Frameworks */,
				OBJ_94 /* Utility.framework in Frameworks */,
			);
			runOnlyForDeploymentPostprocessing = 0;
		};
/* End PBXFrameworksBuildPhase section */

/* Begin PBXGroup section */
		OBJ_11 /* Utility */ = {
			isa = PBXGroup;
			children = (
				OBJ_12 /* Bool+.swift */,
			);
			name = Utility;
			path = Sources/Utility;
			sourceTree = SOURCE_ROOT;
		};
		OBJ_13 /* Commander */ = {
			isa = PBXGroup;
			children = (
				OBJ_32 /* misc.swift */,
				OBJ_24 /* Error.swift */,
				OBJ_19 /* Commander.swift */,
				OBJ_14 /* Built-Ins */,
				OBJ_20 /* Commands */,
				OBJ_25 /* Options */,
				OBJ_29 /* Shell */,
			);
			name = Commander;
			path = Sources/Commander;
			sourceTree = SOURCE_ROOT;
		};
		OBJ_14 /* Built-Ins */ = {
			isa = PBXGroup;
			children = (
				OBJ_15 /* BuiltIn.swift */,
				OBJ_16 /* Commands */,
			);
			path = "Built-Ins";
			sourceTree = "<group>";
		};
		OBJ_16 /* Commands */ = {
			isa = PBXGroup;
			children = (
				OBJ_17 /* Complete.swift */,
				OBJ_18 /* Help.swift */,
			);
			path = Commands;
			sourceTree = "<group>";
		};
		OBJ_20 /* Commands */ = {
			isa = PBXGroup;
			children = (
				OBJ_21 /* CommandDescriber.swift */,
				OBJ_22 /* CommandPath.swift */,
				OBJ_23 /* CommandRepresentable.swift */,
			);
			path = Commands;
			sourceTree = "<group>";
		};
		OBJ_25 /* Options */ = {
			isa = PBXGroup;
			children = (
				OBJ_26 /* OptionDescription.swift */,
				OBJ_27 /* OptionsDecoder.swift */,
				OBJ_28 /* OptionsRepresentable.swift */,
			);
			path = Options;
			sourceTree = "<group>";
		};
		OBJ_29 /* Shell */ = {
			isa = PBXGroup;
			children = (
				OBJ_30 /* Shell.swift */,
				OBJ_31 /* ShellCompletable.swift */,
			);
			path = Shell;
			sourceTree = "<group>";
		};
		OBJ_33 /* Tests */ = {
			isa = PBXGroup;
			children = (
				OBJ_34 /* CommanderTests */,
			);
			name = Tests;
			sourceTree = SOURCE_ROOT;
		};
		OBJ_34 /* CommanderTests */ = {
			isa = PBXGroup;
			children = (
				OBJ_35 /* CommandPathTests.swift */,
				OBJ_36 /* CommandTests.swift */,
				OBJ_37 /* CommanderTests.swift */,
				OBJ_38 /* GlobalOptionsTests.swift */,
				OBJ_39 /* OptionsDecoderTests.swift */,
				OBJ_40 /* XCTestManifests.swift */,
			);
			name = CommanderTests;
			path = Tests/CommanderTests;
			sourceTree = SOURCE_ROOT;
		};
		OBJ_42 /* Products */ = {
			isa = PBXGroup;
			children = (
				"Commander::Commander::Product" /* Commander.framework */,
				"Commander::commander-sample::Product" /* commander-sample */,
				"Commander::CommanderTests::Product" /* CommanderTests.xctest */,
				"Commander::Utility::Product" /* Utility.framework */,
			);
			name = Products;
			sourceTree = BUILT_PRODUCTS_DIR;
		};
		OBJ_5 /*  */ = {
			isa = PBXGroup;
			children = (
				OBJ_6 /* Package.swift */,
				OBJ_7 /* Sources */,
				OBJ_33 /* Tests */,
				OBJ_41 /* Resources */,
				OBJ_42 /* Products */,
			);
			name = "";
			sourceTree = "<group>";
		};
		OBJ_7 /* Sources */ = {
			isa = PBXGroup;
			children = (
				OBJ_8 /* commander-sample */,
				OBJ_11 /* Utility */,
				OBJ_13 /* Commander */,
			);
			name = Sources;
			sourceTree = SOURCE_ROOT;
		};
		OBJ_8 /* commander-sample */ = {
			isa = PBXGroup;
			children = (
				OBJ_9 /* SampleCommand.swift */,
				OBJ_10 /* main.swift */,
			);
			name = "commander-sample";
			path = "Sources/commander-sample";
			sourceTree = SOURCE_ROOT;
		};
/* End PBXGroup section */

/* Begin PBXNativeTarget section */
		"Commander::Commander" /* Commander */ = {
			isa = PBXNativeTarget;
			buildConfigurationList = OBJ_48 /* Build configuration list for PBXNativeTarget "Commander" */;
			buildPhases = (
				OBJ_51 /* Sources */,
				OBJ_66 /* Frameworks */,
			);
			buildRules = (
			);
			dependencies = (
				OBJ_68 /* PBXTargetDependency */,
			);
			name = Commander;
			productName = Commander;
			productReference = "Commander::Commander::Product" /* Commander.framework */;
			productType = "com.apple.product-type.framework";
		};
		"Commander::CommanderTests" /* CommanderTests */ = {
			isa = PBXNativeTarget;
			buildConfigurationList = OBJ_82 /* Build configuration list for PBXNativeTarget "CommanderTests" */;
			buildPhases = (
				OBJ_85 /* Sources */,
				OBJ_92 /* Frameworks */,
			);
			buildRules = (
			);
			dependencies = (
				OBJ_95 /* PBXTargetDependency */,
				OBJ_96 /* PBXTargetDependency */,
			);
			name = CommanderTests;
			productName = CommanderTests;
			productReference = "Commander::CommanderTests::Product" /* CommanderTests.xctest */;
			productType = "com.apple.product-type.bundle.unit-test";
		};
		"Commander::SwiftPMPackageDescription" /* CommanderPackageDescription */ = {
			isa = PBXNativeTarget;
			buildConfigurationList = OBJ_71 /* Build configuration list for PBXNativeTarget "CommanderPackageDescription" */;
			buildPhases = (
				OBJ_74 /* Sources */,
			);
			buildRules = (
			);
			dependencies = (
			);
			name = CommanderPackageDescription;
			productName = CommanderPackageDescription;
			productType = "com.apple.product-type.framework";
		};
		"Commander::Utility" /* Utility */ = {
			isa = PBXNativeTarget;
			buildConfigurationList = OBJ_97 /* Build configuration list for PBXNativeTarget "Utility" */;
			buildPhases = (
				OBJ_100 /* Sources */,
				OBJ_102 /* Frameworks */,
			);
			buildRules = (
			);
			dependencies = (
			);
			name = Utility;
			productName = Utility;
			productReference = "Commander::Utility::Product" /* Utility.framework */;
			productType = "com.apple.product-type.framework";
		};
		"Commander::commander-sample" /* commander-sample */ = {
			isa = PBXNativeTarget;
			buildConfigurationList = OBJ_104 /* Build configuration list for PBXNativeTarget "commander-sample" */;
			buildPhases = (
				OBJ_107 /* Sources */,
				OBJ_110 /* Frameworks */,
			);
			buildRules = (
			);
			dependencies = (
				OBJ_113 /* PBXTargetDependency */,
				OBJ_114 /* PBXTargetDependency */,
			);
			name = "commander-sample";
			productName = commander_sample;
			productReference = "Commander::commander-sample::Product" /* commander-sample */;
			productType = "com.apple.product-type.tool";
		};
/* End PBXNativeTarget section */

/* Begin PBXProject section */
		OBJ_1 /* Project object */ = {
			isa = PBXProject;
			attributes = {
				LastUpgradeCheck = 9999;
			};
			buildConfigurationList = OBJ_2 /* Build configuration list for PBXProject "Commander" */;
			compatibilityVersion = "Xcode 3.2";
			developmentRegion = English;
			hasScannedForEncodings = 0;
			knownRegions = (
				en,
			);
			mainGroup = OBJ_5 /*  */;
			productRefGroup = OBJ_42 /* Products */;
			projectDirPath = "";
			projectRoot = "";
			targets = (
				"Commander::Commander" /* Commander */,
				"Commander::SwiftPMPackageDescription" /* CommanderPackageDescription */,
				"Commander::CommanderPackageTests::ProductTarget" /* CommanderPackageTests */,
				"Commander::CommanderTests" /* CommanderTests */,
				"Commander::Utility" /* Utility */,
				"Commander::commander-sample" /* commander-sample */,
			);
		};
/* End PBXProject section */

/* Begin PBXSourcesBuildPhase section */
		OBJ_100 /* Sources */ = {
			isa = PBXSourcesBuildPhase;
			buildActionMask = 0;
			files = (
				OBJ_101 /* Bool+.swift in Sources */,
			);
			runOnlyForDeploymentPostprocessing = 0;
		};
		OBJ_107 /* Sources */ = {
			isa = PBXSourcesBuildPhase;
			buildActionMask = 0;
			files = (
				OBJ_108 /* SampleCommand.swift in Sources */,
				OBJ_109 /* main.swift in Sources */,
			);
			runOnlyForDeploymentPostprocessing = 0;
		};
		OBJ_51 /* Sources */ = {
			isa = PBXSourcesBuildPhase;
			buildActionMask = 0;
			files = (
				OBJ_52 /* BuiltIn.swift in Sources */,
				OBJ_53 /* Complete.swift in Sources */,
				OBJ_54 /* Help.swift in Sources */,
				OBJ_55 /* Commander.swift in Sources */,
				OBJ_56 /* CommandDescriber.swift in Sources */,
				OBJ_57 /* CommandPath.swift in Sources */,
				OBJ_58 /* CommandRepresentable.swift in Sources */,
				OBJ_59 /* Error.swift in Sources */,
				OBJ_60 /* OptionDescription.swift in Sources */,
				OBJ_61 /* OptionsDecoder.swift in Sources */,
				OBJ_62 /* OptionsRepresentable.swift in Sources */,
				OBJ_63 /* Shell.swift in Sources */,
				OBJ_64 /* ShellCompletable.swift in Sources */,
				OBJ_65 /* misc.swift in Sources */,
			);
			runOnlyForDeploymentPostprocessing = 0;
		};
		OBJ_74 /* Sources */ = {
			isa = PBXSourcesBuildPhase;
			buildActionMask = 0;
			files = (
				OBJ_75 /* Package.swift in Sources */,
			);
			runOnlyForDeploymentPostprocessing = 0;
		};
		OBJ_85 /* Sources */ = {
			isa = PBXSourcesBuildPhase;
			buildActionMask = 0;
			files = (
				OBJ_86 /* CommandPathTests.swift in Sources */,
				OBJ_87 /* CommandTests.swift in Sources */,
				OBJ_88 /* CommanderTests.swift in Sources */,
				OBJ_89 /* GlobalOptionsTests.swift in Sources */,
				OBJ_90 /* OptionsDecoderTests.swift in Sources */,
				OBJ_91 /* XCTestManifests.swift in Sources */,
			);
			runOnlyForDeploymentPostprocessing = 0;
		};
/* End PBXSourcesBuildPhase section */

/* Begin PBXTargetDependency section */
		OBJ_113 /* PBXTargetDependency */ = {
			isa = PBXTargetDependency;
			target = "Commander::Commander" /* Commander */;
			targetProxy = DCE68E892195D53700B7CA8B /* PBXContainerItemProxy */;
		};
		OBJ_114 /* PBXTargetDependency */ = {
			isa = PBXTargetDependency;
			target = "Commander::Utility" /* Utility */;
			targetProxy = DCE68E8B2195D53700B7CA8B /* PBXContainerItemProxy */;
		};
		OBJ_68 /* PBXTargetDependency */ = {
			isa = PBXTargetDependency;
			target = "Commander::Utility" /* Utility */;
			targetProxy = DCE68E8A2195D53700B7CA8B /* PBXContainerItemProxy */;
		};
		OBJ_80 /* PBXTargetDependency */ = {
			isa = PBXTargetDependency;
			target = "Commander::CommanderTests" /* CommanderTests */;
			targetProxy = DCE68E8E2195D53800B7CA8B /* PBXContainerItemProxy */;
		};
		OBJ_95 /* PBXTargetDependency */ = {
			isa = PBXTargetDependency;
			target = "Commander::Commander" /* Commander */;
			targetProxy = DCE68E8C2195D53700B7CA8B /* PBXContainerItemProxy */;
		};
		OBJ_96 /* PBXTargetDependency */ = {
			isa = PBXTargetDependency;
			target = "Commander::Utility" /* Utility */;
			targetProxy = DCE68E8D2195D53700B7CA8B /* PBXContainerItemProxy */;
		};
/* End PBXTargetDependency section */

/* Begin XCBuildConfiguration section */
		OBJ_105 /* Debug */ = {
			isa = XCBuildConfiguration;
			buildSettings = {
				FRAMEWORK_SEARCH_PATHS = (
					"$(inherited)",
					"$(PLATFORM_DIR)/Developer/Library/Frameworks",
				);
				HEADER_SEARCH_PATHS = "$(inherited)";
				INFOPLIST_FILE = Commander.xcodeproj/commander_sample_Info.plist;
				LD_RUNPATH_SEARCH_PATHS = "$(inherited) $(TOOLCHAIN_DIR)/usr/lib/swift/macosx @executable_path";
				OTHER_CFLAGS = "$(inherited)";
				OTHER_LDFLAGS = "$(inherited)";
				OTHER_SWIFT_FLAGS = "$(inherited)";
				SWIFT_ACTIVE_COMPILATION_CONDITIONS = "$(inherited)";
				SWIFT_FORCE_DYNAMIC_LINK_STDLIB = YES;
				SWIFT_FORCE_STATIC_LINK_STDLIB = NO;
				SWIFT_VERSION = 4.0;
				TARGET_NAME = "commander-sample";
			};
			name = Debug;
		};
		OBJ_106 /* Release */ = {
			isa = XCBuildConfiguration;
			buildSettings = {
				FRAMEWORK_SEARCH_PATHS = (
					"$(inherited)",
					"$(PLATFORM_DIR)/Developer/Library/Frameworks",
				);
				HEADER_SEARCH_PATHS = "$(inherited)";
				INFOPLIST_FILE = Commander.xcodeproj/commander_sample_Info.plist;
				LD_RUNPATH_SEARCH_PATHS = "$(inherited) $(TOOLCHAIN_DIR)/usr/lib/swift/macosx @executable_path";
				OTHER_CFLAGS = "$(inherited)";
				OTHER_LDFLAGS = "$(inherited)";
				OTHER_SWIFT_FLAGS = "$(inherited)";
				SWIFT_ACTIVE_COMPILATION_CONDITIONS = "$(inherited)";
				SWIFT_FORCE_DYNAMIC_LINK_STDLIB = YES;
				SWIFT_FORCE_STATIC_LINK_STDLIB = NO;
				SWIFT_VERSION = 4.0;
				TARGET_NAME = "commander-sample";
			};
			name = Release;
		};
		OBJ_3 /* Debug */ = {
			isa = XCBuildConfiguration;
			buildSettings = {
				CLANG_ENABLE_OBJC_ARC = YES;
				COMBINE_HIDPI_IMAGES = YES;
				COPY_PHASE_STRIP = NO;
				DEBUG_INFORMATION_FORMAT = dwarf;
				DYLIB_INSTALL_NAME_BASE = "@rpath";
				ENABLE_NS_ASSERTIONS = YES;
				GCC_OPTIMIZATION_LEVEL = 0;
				GCC_PREPROCESSOR_DEFINITIONS = (
					"DEBUG=1",
					"$(inherited)",
				);
				MACOSX_DEPLOYMENT_TARGET = 10.10;
				ONLY_ACTIVE_ARCH = YES;
				OTHER_SWIFT_FLAGS = "-DXcode";
				PRODUCT_NAME = "$(TARGET_NAME)";
				SDKROOT = macosx;
				SUPPORTED_PLATFORMS = "macosx iphoneos iphonesimulator appletvos appletvsimulator watchos watchsimulator";
				SWIFT_ACTIVE_COMPILATION_CONDITIONS = "SWIFT_PACKAGE DEBUG";
				SWIFT_OPTIMIZATION_LEVEL = "-Onone";
				USE_HEADERMAP = NO;
			};
			name = Debug;
		};
		OBJ_4 /* Release */ = {
			isa = XCBuildConfiguration;
			buildSettings = {
				CLANG_ENABLE_OBJC_ARC = YES;
				COMBINE_HIDPI_IMAGES = YES;
				COPY_PHASE_STRIP = YES;
				DEBUG_INFORMATION_FORMAT = "dwarf-with-dsym";
				DYLIB_INSTALL_NAME_BASE = "@rpath";
				GCC_OPTIMIZATION_LEVEL = s;
				MACOSX_DEPLOYMENT_TARGET = 10.10;
				OTHER_SWIFT_FLAGS = "-DXcode";
				PRODUCT_NAME = "$(TARGET_NAME)";
				SDKROOT = macosx;
				SUPPORTED_PLATFORMS = "macosx iphoneos iphonesimulator appletvos appletvsimulator watchos watchsimulator";
				SWIFT_ACTIVE_COMPILATION_CONDITIONS = SWIFT_PACKAGE;
				SWIFT_OPTIMIZATION_LEVEL = "-Owholemodule";
				USE_HEADERMAP = NO;
			};
			name = Release;
		};
		OBJ_49 /* Debug */ = {
			isa = XCBuildConfiguration;
			buildSettings = {
				ENABLE_TESTABILITY = YES;
				FRAMEWORK_SEARCH_PATHS = (
					"$(inherited)",
					"$(PLATFORM_DIR)/Developer/Library/Frameworks",
				);
				HEADER_SEARCH_PATHS = "$(inherited)";
				INFOPLIST_FILE = Commander.xcodeproj/Commander_Info.plist;
				LD_RUNPATH_SEARCH_PATHS = "$(inherited) $(TOOLCHAIN_DIR)/usr/lib/swift/macosx";
				OTHER_CFLAGS = "$(inherited)";
				OTHER_LDFLAGS = "$(inherited)";
				OTHER_SWIFT_FLAGS = "$(inherited)";
				PRODUCT_BUNDLE_IDENTIFIER = Commander;
				PRODUCT_MODULE_NAME = "$(TARGET_NAME:c99extidentifier)";
				PRODUCT_NAME = "$(TARGET_NAME:c99extidentifier)";
				SKIP_INSTALL = YES;
				SWIFT_ACTIVE_COMPILATION_CONDITIONS = "$(inherited)";
				SWIFT_VERSION = 4.0;
				TARGET_NAME = Commander;
			};
			name = Debug;
		};
		OBJ_50 /* Release */ = {
			isa = XCBuildConfiguration;
			buildSettings = {
				ENABLE_TESTABILITY = YES;
				FRAMEWORK_SEARCH_PATHS = (
					"$(inherited)",
					"$(PLATFORM_DIR)/Developer/Library/Frameworks",
				);
				HEADER_SEARCH_PATHS = "$(inherited)";
				INFOPLIST_FILE = Commander.xcodeproj/Commander_Info.plist;
				LD_RUNPATH_SEARCH_PATHS = "$(inherited) $(TOOLCHAIN_DIR)/usr/lib/swift/macosx";
				OTHER_CFLAGS = "$(inherited)";
				OTHER_LDFLAGS = "$(inherited)";
				OTHER_SWIFT_FLAGS = "$(inherited)";
				PRODUCT_BUNDLE_IDENTIFIER = Commander;
				PRODUCT_MODULE_NAME = "$(TARGET_NAME:c99extidentifier)";
				PRODUCT_NAME = "$(TARGET_NAME:c99extidentifier)";
				SKIP_INSTALL = YES;
				SWIFT_ACTIVE_COMPILATION_CONDITIONS = "$(inherited)";
				SWIFT_VERSION = 4.0;
				TARGET_NAME = Commander;
			};
			name = Release;
		};
		OBJ_72 /* Debug */ = {
			isa = XCBuildConfiguration;
			buildSettings = {
				LD = /usr/bin/true;
				OTHER_SWIFT_FLAGS = "-swift-version 4 -I $(TOOLCHAIN_DIR)/usr/lib/swift/pm/4 -target x86_64-apple-macosx10.10 -sdk /Applications/Xcode-beta.app/Contents/Developer/Platforms/MacOSX.platform/Developer/SDKs/MacOSX10.14.sdk";
				SWIFT_VERSION = 4.0;
			};
			name = Debug;
		};
		OBJ_73 /* Release */ = {
			isa = XCBuildConfiguration;
			buildSettings = {
				LD = /usr/bin/true;
				OTHER_SWIFT_FLAGS = "-swift-version 4 -I $(TOOLCHAIN_DIR)/usr/lib/swift/pm/4 -target x86_64-apple-macosx10.10 -sdk /Applications/Xcode-beta.app/Contents/Developer/Platforms/MacOSX.platform/Developer/SDKs/MacOSX10.14.sdk";
				SWIFT_VERSION = 4.0;
			};
			name = Release;
		};
		OBJ_78 /* Debug */ = {
			isa = XCBuildConfiguration;
			buildSettings = {
			};
			name = Debug;
		};
		OBJ_79 /* Release */ = {
			isa = XCBuildConfiguration;
			buildSettings = {
			};
			name = Release;
		};
		OBJ_83 /* Debug */ = {
			isa = XCBuildConfiguration;
			buildSettings = {
				CLANG_ENABLE_MODULES = YES;
				EMBEDDED_CONTENT_CONTAINS_SWIFT = YES;
				FRAMEWORK_SEARCH_PATHS = (
					"$(inherited)",
					"$(PLATFORM_DIR)/Developer/Library/Frameworks",
				);
				HEADER_SEARCH_PATHS = "$(inherited)";
				INFOPLIST_FILE = Commander.xcodeproj/CommanderTests_Info.plist;
				LD_RUNPATH_SEARCH_PATHS = "$(inherited) @loader_path/../Frameworks @loader_path/Frameworks";
				OTHER_CFLAGS = "$(inherited)";
				OTHER_LDFLAGS = "$(inherited)";
				OTHER_SWIFT_FLAGS = "$(inherited)";
				SWIFT_ACTIVE_COMPILATION_CONDITIONS = "$(inherited)";
				SWIFT_VERSION = 4.0;
				TARGET_NAME = CommanderTests;
			};
			name = Debug;
		};
		OBJ_84 /* Release */ = {
			isa = XCBuildConfiguration;
			buildSettings = {
				CLANG_ENABLE_MODULES = YES;
				EMBEDDED_CONTENT_CONTAINS_SWIFT = YES;
				FRAMEWORK_SEARCH_PATHS = (
					"$(inherited)",
					"$(PLATFORM_DIR)/Developer/Library/Frameworks",
				);
				HEADER_SEARCH_PATHS = "$(inherited)";
				INFOPLIST_FILE = Commander.xcodeproj/CommanderTests_Info.plist;
				LD_RUNPATH_SEARCH_PATHS = "$(inherited) @loader_path/../Frameworks @loader_path/Frameworks";
				OTHER_CFLAGS = "$(inherited)";
				OTHER_LDFLAGS = "$(inherited)";
				OTHER_SWIFT_FLAGS = "$(inherited)";
				SWIFT_ACTIVE_COMPILATION_CONDITIONS = "$(inherited)";
				SWIFT_VERSION = 4.0;
				TARGET_NAME = CommanderTests;
			};
			name = Release;
		};
		OBJ_98 /* Debug */ = {
			isa = XCBuildConfiguration;
			buildSettings = {
				ENABLE_TESTABILITY = YES;
				FRAMEWORK_SEARCH_PATHS = (
					"$(inherited)",
					"$(PLATFORM_DIR)/Developer/Library/Frameworks",
				);
				HEADER_SEARCH_PATHS = "$(inherited)";
				INFOPLIST_FILE = Commander.xcodeproj/Utility_Info.plist;
				LD_RUNPATH_SEARCH_PATHS = "$(inherited) $(TOOLCHAIN_DIR)/usr/lib/swift/macosx";
				OTHER_CFLAGS = "$(inherited)";
				OTHER_LDFLAGS = "$(inherited)";
				OTHER_SWIFT_FLAGS = "$(inherited)";
				PRODUCT_BUNDLE_IDENTIFIER = Utility;
				PRODUCT_MODULE_NAME = "$(TARGET_NAME:c99extidentifier)";
				PRODUCT_NAME = "$(TARGET_NAME:c99extidentifier)";
				SKIP_INSTALL = YES;
				SWIFT_ACTIVE_COMPILATION_CONDITIONS = "$(inherited)";
				SWIFT_VERSION = 4.0;
				TARGET_NAME = Utility;
			};
			name = Debug;
		};
		OBJ_99 /* Release */ = {
			isa = XCBuildConfiguration;
			buildSettings = {
				ENABLE_TESTABILITY = YES;
				FRAMEWORK_SEARCH_PATHS = (
					"$(inherited)",
					"$(PLATFORM_DIR)/Developer/Library/Frameworks",
				);
				HEADER_SEARCH_PATHS = "$(inherited)";
				INFOPLIST_FILE = Commander.xcodeproj/Utility_Info.plist;
				LD_RUNPATH_SEARCH_PATHS = "$(inherited) $(TOOLCHAIN_DIR)/usr/lib/swift/macosx";
				OTHER_CFLAGS = "$(inherited)";
				OTHER_LDFLAGS = "$(inherited)";
				OTHER_SWIFT_FLAGS = "$(inherited)";
				PRODUCT_BUNDLE_IDENTIFIER = Utility;
				PRODUCT_MODULE_NAME = "$(TARGET_NAME:c99extidentifier)";
				PRODUCT_NAME = "$(TARGET_NAME:c99extidentifier)";
				SKIP_INSTALL = YES;
				SWIFT_ACTIVE_COMPILATION_CONDITIONS = "$(inherited)";
				SWIFT_VERSION = 4.0;
				TARGET_NAME = Utility;
			};
			name = Release;
		};
/* End XCBuildConfiguration section */

/* Begin XCConfigurationList section */
		OBJ_104 /* Build configuration list for PBXNativeTarget "commander-sample" */ = {
			isa = XCConfigurationList;
			buildConfigurations = (
				OBJ_105 /* Debug */,
				OBJ_106 /* Release */,
			);
			defaultConfigurationIsVisible = 0;
			defaultConfigurationName = Release;
		};
		OBJ_2 /* Build configuration list for PBXProject "Commander" */ = {
			isa = XCConfigurationList;
			buildConfigurations = (
				OBJ_3 /* Debug */,
				OBJ_4 /* Release */,
			);
			defaultConfigurationIsVisible = 0;
			defaultConfigurationName = Release;
		};
		OBJ_48 /* Build configuration list for PBXNativeTarget "Commander" */ = {
			isa = XCConfigurationList;
			buildConfigurations = (
				OBJ_49 /* Debug */,
				OBJ_50 /* Release */,
			);
			defaultConfigurationIsVisible = 0;
			defaultConfigurationName = Release;
		};
		OBJ_71 /* Build configuration list for PBXNativeTarget "CommanderPackageDescription" */ = {
			isa = XCConfigurationList;
			buildConfigurations = (
				OBJ_72 /* Debug */,
				OBJ_73 /* Release */,
			);
			defaultConfigurationIsVisible = 0;
			defaultConfigurationName = Release;
		};
		OBJ_77 /* Build configuration list for PBXAggregateTarget "CommanderPackageTests" */ = {
			isa = XCConfigurationList;
			buildConfigurations = (
				OBJ_78 /* Debug */,
				OBJ_79 /* Release */,
			);
			defaultConfigurationIsVisible = 0;
			defaultConfigurationName = Release;
		};
		OBJ_82 /* Build configuration list for PBXNativeTarget "CommanderTests" */ = {
			isa = XCConfigurationList;
			buildConfigurations = (
				OBJ_83 /* Debug */,
				OBJ_84 /* Release */,
			);
			defaultConfigurationIsVisible = 0;
			defaultConfigurationName = Release;
		};
		OBJ_97 /* Build configuration list for PBXNativeTarget "Utility" */ = {
			isa = XCConfigurationList;
			buildConfigurations = (
				OBJ_98 /* Debug */,
				OBJ_99 /* Release */,
			);
			defaultConfigurationIsVisible = 0;
			defaultConfigurationName = Release;
		};
/* End XCConfigurationList section */
	};
	rootObject = OBJ_1 /* Project object */;
}
