// !$*UTF8*$!
{
	archiveVersion = 1;
	classes = {
	};
	objectVersion = 46;
	objects = {

/* Begin PBXAggregateTarget section */
		"Commander::CommanderPackageTests::ProductTarget" /* CommanderPackageTests */ = {
			isa = PBXAggregateTarget;
			buildConfigurationList = OBJ_80 /* Build configuration list for PBXAggregateTarget "CommanderPackageTests" */;
			buildPhases = (
			);
			dependencies = (
				OBJ_83 /* PBXTargetDependency */,
				OBJ_85 /* PBXTargetDependency */,
			);
			name = CommanderPackageTests;
			productName = CommanderPackageTests;
		};
/* End PBXAggregateTarget section */

/* Begin PBXBuildFile section */
		OBJ_106 /* Bool+.swift in Sources */ = {isa = PBXBuildFile; fileRef = OBJ_9 /* Bool+.swift */; };
		OBJ_112 /* UtilityTests.swift in Sources */ = {isa = PBXBuildFile; fileRef = OBJ_35 /* UtilityTests.swift */; };
		OBJ_114 /* Utility.framework in Frameworks */ = {isa = PBXBuildFile; fileRef = "Commander::Utility::Product" /* Utility.framework */; };
		OBJ_121 /* SampleCommand.swift in Sources */ = {isa = PBXBuildFile; fileRef = OBJ_31 /* SampleCommand.swift */; };
		OBJ_122 /* main.swift in Sources */ = {isa = PBXBuildFile; fileRef = OBJ_32 /* main.swift */; };
		OBJ_124 /* Commander.framework in Frameworks */ = {isa = PBXBuildFile; fileRef = "Commander::Commander::Product" /* Commander.framework */; };
		OBJ_125 /* Utility.framework in Frameworks */ = {isa = PBXBuildFile; fileRef = "Commander::Utility::Product" /* Utility.framework */; };
		OBJ_55 /* BuiltIn.swift in Sources */ = {isa = PBXBuildFile; fileRef = OBJ_12 /* BuiltIn.swift */; };
		OBJ_56 /* Complete.swift in Sources */ = {isa = PBXBuildFile; fileRef = OBJ_14 /* Complete.swift */; };
		OBJ_57 /* Help.swift in Sources */ = {isa = PBXBuildFile; fileRef = OBJ_15 /* Help.swift */; };
		OBJ_58 /* Commander.swift in Sources */ = {isa = PBXBuildFile; fileRef = OBJ_16 /* Commander.swift */; };
		OBJ_59 /* CommandDescriber.swift in Sources */ = {isa = PBXBuildFile; fileRef = OBJ_18 /* CommandDescriber.swift */; };
		OBJ_60 /* CommandPath.swift in Sources */ = {isa = PBXBuildFile; fileRef = OBJ_19 /* CommandPath.swift */; };
		OBJ_61 /* CommandRepresentable.swift in Sources */ = {isa = PBXBuildFile; fileRef = OBJ_20 /* CommandRepresentable.swift */; };
		OBJ_62 /* Error.swift in Sources */ = {isa = PBXBuildFile; fileRef = OBJ_21 /* Error.swift */; };
		OBJ_63 /* OptionDescription.swift in Sources */ = {isa = PBXBuildFile; fileRef = OBJ_23 /* OptionDescription.swift */; };
		OBJ_64 /* OptionsDecoder.swift in Sources */ = {isa = PBXBuildFile; fileRef = OBJ_24 /* OptionsDecoder.swift */; };
		OBJ_65 /* OptionsRepresentable.swift in Sources */ = {isa = PBXBuildFile; fileRef = OBJ_25 /* OptionsRepresentable.swift */; };
		OBJ_66 /* Shell.swift in Sources */ = {isa = PBXBuildFile; fileRef = OBJ_27 /* Shell.swift */; };
		OBJ_67 /* ShellCompletable.swift in Sources */ = {isa = PBXBuildFile; fileRef = OBJ_28 /* ShellCompletable.swift */; };
		OBJ_68 /* misc.swift in Sources */ = {isa = PBXBuildFile; fileRef = OBJ_29 /* misc.swift */; };
		OBJ_70 /* Utility.framework in Frameworks */ = {isa = PBXBuildFile; fileRef = "Commander::Utility::Product" /* Utility.framework */; };
		OBJ_78 /* Package.swift in Sources */ = {isa = PBXBuildFile; fileRef = OBJ_6 /* Package.swift */; };
		OBJ_91 /* CommandPathTests.swift in Sources */ = {isa = PBXBuildFile; fileRef = OBJ_37 /* CommandPathTests.swift */; };
		OBJ_92 /* CommandTests.swift in Sources */ = {isa = PBXBuildFile; fileRef = OBJ_38 /* CommandTests.swift */; };
		OBJ_93 /* CommanderTests.swift in Sources */ = {isa = PBXBuildFile; fileRef = OBJ_39 /* CommanderTests.swift */; };
		OBJ_94 /* GlobalOptionsTests.swift in Sources */ = {isa = PBXBuildFile; fileRef = OBJ_40 /* GlobalOptionsTests.swift */; };
		OBJ_95 /* OptionsDecoderTests.swift in Sources */ = {isa = PBXBuildFile; fileRef = OBJ_41 /* OptionsDecoderTests.swift */; };
		OBJ_96 /* XCTestManifests.swift in Sources */ = {isa = PBXBuildFile; fileRef = OBJ_42 /* XCTestManifests.swift */; };
		OBJ_98 /* Commander.framework in Frameworks */ = {isa = PBXBuildFile; fileRef = "Commander::Commander::Product" /* Commander.framework */; };
		OBJ_99 /* Utility.framework in Frameworks */ = {isa = PBXBuildFile; fileRef = "Commander::Utility::Product" /* Utility.framework */; };
/* End PBXBuildFile section */

/* Begin PBXContainerItemProxy section */
		DCE68E952195D60600B7CA8B /* PBXContainerItemProxy */ = {
			isa = PBXContainerItemProxy;
			containerPortal = OBJ_1 /* Project object */;
			proxyType = 1;
			remoteGlobalIDString = "Commander::Commander";
			remoteInfo = Commander;
		};
		DCE68E962195D60600B7CA8B /* PBXContainerItemProxy */ = {
			isa = PBXContainerItemProxy;
			containerPortal = OBJ_1 /* Project object */;
			proxyType = 1;
			remoteGlobalIDString = "Commander::Utility";
			remoteInfo = Utility;
		};
		DCE68E972195D60600B7CA8B /* PBXContainerItemProxy */ = {
			isa = PBXContainerItemProxy;
			containerPortal = OBJ_1 /* Project object */;
			proxyType = 1;
			remoteGlobalIDString = "Commander::Utility";
			remoteInfo = Utility;
		};
		DCE68E982195D60600B7CA8B /* PBXContainerItemProxy */ = {
			isa = PBXContainerItemProxy;
			containerPortal = OBJ_1 /* Project object */;
			proxyType = 1;
			remoteGlobalIDString = "Commander::Commander";
			remoteInfo = Commander;
		};
		DCE68E992195D60600B7CA8B /* PBXContainerItemProxy */ = {
			isa = PBXContainerItemProxy;
			containerPortal = OBJ_1 /* Project object */;
			proxyType = 1;
			remoteGlobalIDString = "Commander::Utility";
			remoteInfo = Utility;
		};
		DCE68E9A2195D60600B7CA8B /* PBXContainerItemProxy */ = {
			isa = PBXContainerItemProxy;
			containerPortal = OBJ_1 /* Project object */;
			proxyType = 1;
			remoteGlobalIDString = "Commander::Utility";
			remoteInfo = Utility;
		};
		DCE68E9B2195D60600B7CA8B /* PBXContainerItemProxy */ = {
			isa = PBXContainerItemProxy;
			containerPortal = OBJ_1 /* Project object */;
			proxyType = 1;
			remoteGlobalIDString = "Commander::UtilityTests";
			remoteInfo = UtilityTests;
		};
		DCE68E9C2195D60600B7CA8B /* PBXContainerItemProxy */ = {
			isa = PBXContainerItemProxy;
			containerPortal = OBJ_1 /* Project object */;
			proxyType = 1;
			remoteGlobalIDString = "Commander::CommanderTests";
			remoteInfo = CommanderTests;
		};
/* End PBXContainerItemProxy section */

/* Begin PBXFileReference section */
		"Commander::Commander::Product" /* Commander.framework */ = {isa = PBXFileReference; lastKnownFileType = wrapper.framework; path = Commander.framework; sourceTree = BUILT_PRODUCTS_DIR; };
		"Commander::CommanderTests::Product" /* CommanderTests.xctest */ = {isa = PBXFileReference; lastKnownFileType = file; path = CommanderTests.xctest; sourceTree = BUILT_PRODUCTS_DIR; };
		"Commander::Utility::Product" /* Utility.framework */ = {isa = PBXFileReference; lastKnownFileType = wrapper.framework; path = Utility.framework; sourceTree = BUILT_PRODUCTS_DIR; };
		"Commander::UtilityTests::Product" /* UtilityTests.xctest */ = {isa = PBXFileReference; lastKnownFileType = file; path = UtilityTests.xctest; sourceTree = BUILT_PRODUCTS_DIR; };
		"Commander::commander-sample::Product" /* commander-sample */ = {isa = PBXFileReference; lastKnownFileType = text; path = "commander-sample"; sourceTree = BUILT_PRODUCTS_DIR; };
		OBJ_12 /* BuiltIn.swift */ = {isa = PBXFileReference; lastKnownFileType = sourcecode.swift; path = BuiltIn.swift; sourceTree = "<group>"; };
		OBJ_14 /* Complete.swift */ = {isa = PBXFileReference; lastKnownFileType = sourcecode.swift; path = Complete.swift; sourceTree = "<group>"; };
		OBJ_15 /* Help.swift */ = {isa = PBXFileReference; lastKnownFileType = sourcecode.swift; path = Help.swift; sourceTree = "<group>"; };
		OBJ_16 /* Commander.swift */ = {isa = PBXFileReference; lastKnownFileType = sourcecode.swift; path = Commander.swift; sourceTree = "<group>"; };
		OBJ_18 /* CommandDescriber.swift */ = {isa = PBXFileReference; lastKnownFileType = sourcecode.swift; path = CommandDescriber.swift; sourceTree = "<group>"; };
		OBJ_19 /* CommandPath.swift */ = {isa = PBXFileReference; lastKnownFileType = sourcecode.swift; path = CommandPath.swift; sourceTree = "<group>"; };
		OBJ_20 /* CommandRepresentable.swift */ = {isa = PBXFileReference; lastKnownFileType = sourcecode.swift; path = CommandRepresentable.swift; sourceTree = "<group>"; };
		OBJ_21 /* Error.swift */ = {isa = PBXFileReference; lastKnownFileType = sourcecode.swift; path = Error.swift; sourceTree = "<group>"; };
		OBJ_23 /* OptionDescription.swift */ = {isa = PBXFileReference; lastKnownFileType = sourcecode.swift; path = OptionDescription.swift; sourceTree = "<group>"; };
		OBJ_24 /* OptionsDecoder.swift */ = {isa = PBXFileReference; lastKnownFileType = sourcecode.swift; path = OptionsDecoder.swift; sourceTree = "<group>"; };
		OBJ_25 /* OptionsRepresentable.swift */ = {isa = PBXFileReference; lastKnownFileType = sourcecode.swift; path = OptionsRepresentable.swift; sourceTree = "<group>"; };
		OBJ_27 /* Shell.swift */ = {isa = PBXFileReference; lastKnownFileType = sourcecode.swift; path = Shell.swift; sourceTree = "<group>"; };
		OBJ_28 /* ShellCompletable.swift */ = {isa = PBXFileReference; lastKnownFileType = sourcecode.swift; path = ShellCompletable.swift; sourceTree = "<group>"; };
		OBJ_29 /* misc.swift */ = {isa = PBXFileReference; lastKnownFileType = sourcecode.swift; path = misc.swift; sourceTree = "<group>"; };
		OBJ_31 /* SampleCommand.swift */ = {isa = PBXFileReference; lastKnownFileType = sourcecode.swift; path = SampleCommand.swift; sourceTree = "<group>"; };
		OBJ_32 /* main.swift */ = {isa = PBXFileReference; lastKnownFileType = sourcecode.swift; path = main.swift; sourceTree = "<group>"; };
		OBJ_35 /* UtilityTests.swift */ = {isa = PBXFileReference; lastKnownFileType = sourcecode.swift; path = UtilityTests.swift; sourceTree = "<group>"; };
		OBJ_37 /* CommandPathTests.swift */ = {isa = PBXFileReference; lastKnownFileType = sourcecode.swift; path = CommandPathTests.swift; sourceTree = "<group>"; };
		OBJ_38 /* CommandTests.swift */ = {isa = PBXFileReference; lastKnownFileType = sourcecode.swift; path = CommandTests.swift; sourceTree = "<group>"; };
		OBJ_39 /* CommanderTests.swift */ = {isa = PBXFileReference; lastKnownFileType = sourcecode.swift; path = CommanderTests.swift; sourceTree = "<group>"; };
		OBJ_40 /* GlobalOptionsTests.swift */ = {isa = PBXFileReference; lastKnownFileType = sourcecode.swift; path = GlobalOptionsTests.swift; sourceTree = "<group>"; };
		OBJ_41 /* OptionsDecoderTests.swift */ = {isa = PBXFileReference; lastKnownFileType = sourcecode.swift; path = OptionsDecoderTests.swift; sourceTree = "<group>"; };
		OBJ_42 /* XCTestManifests.swift */ = {isa = PBXFileReference; lastKnownFileType = sourcecode.swift; path = XCTestManifests.swift; sourceTree = "<group>"; };
		OBJ_43 /* Resources */ = {isa = PBXFileReference; lastKnownFileType = folder; path = Resources; sourceTree = SOURCE_ROOT; };
		OBJ_6 /* Package.swift */ = {isa = PBXFileReference; explicitFileType = sourcecode.swift; path = Package.swift; sourceTree = "<group>"; };
		OBJ_9 /* Bool+.swift */ = {isa = PBXFileReference; lastKnownFileType = sourcecode.swift; path = "Bool+.swift"; sourceTree = "<group>"; };
/* End PBXFileReference section */

/* Begin PBXFrameworksBuildPhase section */
		OBJ_107 /* Frameworks */ = {
			isa = PBXFrameworksBuildPhase;
			buildActionMask = 0;
			files = (
			);
			runOnlyForDeploymentPostprocessing = 0;
		};
		OBJ_113 /* Frameworks */ = {
			isa = PBXFrameworksBuildPhase;
			buildActionMask = 0;
			files = (
				OBJ_114 /* Utility.framework in Frameworks */,
			);
			runOnlyForDeploymentPostprocessing = 0;
		};
		OBJ_123 /* Frameworks */ = {
			isa = PBXFrameworksBuildPhase;
			buildActionMask = 0;
			files = (
				OBJ_124 /* Commander.framework in Frameworks */,
				OBJ_125 /* Utility.framework in Frameworks */,
			);
			runOnlyForDeploymentPostprocessing = 0;
		};
		OBJ_69 /* Frameworks */ = {
			isa = PBXFrameworksBuildPhase;
			buildActionMask = 0;
			files = (
				OBJ_70 /* Utility.framework in Frameworks */,
			);
			runOnlyForDeploymentPostprocessing = 0;
		};
		OBJ_97 /* Frameworks */ = {
			isa = PBXFrameworksBuildPhase;
			buildActionMask = 0;
			files = (
				OBJ_98 /* Commander.framework in Frameworks */,
				OBJ_99 /* Utility.framework in Frameworks */,
			);
			runOnlyForDeploymentPostprocessing = 0;
		};
/* End PBXFrameworksBuildPhase section */

/* Begin PBXGroup section */
		OBJ_10 /* Commander */ = {
			isa = PBXGroup;
			children = (
				OBJ_29 /* misc.swift */,
				OBJ_21 /* Error.swift */,
				OBJ_16 /* Commander.swift */,
				OBJ_11 /* Built-Ins */,
				OBJ_17 /* Commands */,
				OBJ_22 /* Options */,
				OBJ_26 /* Shell */,
			);
			name = Commander;
			path = Sources/Commander;
			sourceTree = SOURCE_ROOT;
		};
		OBJ_11 /* Built-Ins */ = {
			isa = PBXGroup;
			children = (
				OBJ_12 /* BuiltIn.swift */,
				OBJ_13 /* Commands */,
			);
			path = "Built-Ins";
			sourceTree = "<group>";
		};
		OBJ_13 /* Commands */ = {
			isa = PBXGroup;
			children = (
				OBJ_14 /* Complete.swift */,
				OBJ_15 /* Help.swift */,
			);
			path = Commands;
			sourceTree = "<group>";
		};
		OBJ_17 /* Commands */ = {
			isa = PBXGroup;
			children = (
				OBJ_18 /* CommandDescriber.swift */,
				OBJ_19 /* CommandPath.swift */,
				OBJ_20 /* CommandRepresentable.swift */,
			);
			path = Commands;
			sourceTree = "<group>";
		};
		OBJ_22 /* Options */ = {
			isa = PBXGroup;
			children = (
				OBJ_23 /* OptionDescription.swift */,
				OBJ_24 /* OptionsDecoder.swift */,
				OBJ_25 /* OptionsRepresentable.swift */,
			);
			path = Options;
			sourceTree = "<group>";
		};
		OBJ_26 /* Shell */ = {
			isa = PBXGroup;
			children = (
				OBJ_27 /* Shell.swift */,
				OBJ_28 /* ShellCompletable.swift */,
			);
			path = Shell;
			sourceTree = "<group>";
		};
		OBJ_30 /* commander-sample */ = {
			isa = PBXGroup;
			children = (
				OBJ_31 /* SampleCommand.swift */,
				OBJ_32 /* main.swift */,
			);
			name = "commander-sample";
			path = "Sources/commander-sample";
			sourceTree = SOURCE_ROOT;
		};
		OBJ_33 /* Tests */ = {
			isa = PBXGroup;
			children = (
				OBJ_34 /* UtilityTests */,
				OBJ_36 /* CommanderTests */,
			);
			name = Tests;
			sourceTree = SOURCE_ROOT;
		};
		OBJ_34 /* UtilityTests */ = {
			isa = PBXGroup;
			children = (
				OBJ_35 /* UtilityTests.swift */,
			);
			name = UtilityTests;
			path = Tests/UtilityTests;
			sourceTree = SOURCE_ROOT;
		};
		OBJ_36 /* CommanderTests */ = {
			isa = PBXGroup;
			children = (
				OBJ_37 /* CommandPathTests.swift */,
				OBJ_38 /* CommandTests.swift */,
				OBJ_39 /* CommanderTests.swift */,
				OBJ_40 /* GlobalOptionsTests.swift */,
				OBJ_41 /* OptionsDecoderTests.swift */,
				OBJ_42 /* XCTestManifests.swift */,
			);
			name = CommanderTests;
			path = Tests/CommanderTests;
			sourceTree = SOURCE_ROOT;
		};
		OBJ_44 /* Products */ = {
			isa = PBXGroup;
			children = (
				"Commander::Utility::Product" /* Utility.framework */,
				"Commander::Commander::Product" /* Commander.framework */,
				"Commander::commander-sample::Product" /* commander-sample */,
				"Commander::UtilityTests::Product" /* UtilityTests.xctest */,
				"Commander::CommanderTests::Product" /* CommanderTests.xctest */,
			);
			name = Products;
			sourceTree = BUILT_PRODUCTS_DIR;
		};
		OBJ_5 /*  */ = {
			isa = PBXGroup;
			children = (
				OBJ_6 /* Package.swift */,
				OBJ_7 /* Sources */,
				OBJ_33 /* Tests */,
				OBJ_43 /* Resources */,
				OBJ_44 /* Products */,
			);
			name = "";
			sourceTree = "<group>";
		};
		OBJ_7 /* Sources */ = {
			isa = PBXGroup;
			children = (
				OBJ_30 /* commander-sample */,
				OBJ_8 /* Utility */,
				OBJ_10 /* Commander */,
			);
			name = Sources;
			sourceTree = SOURCE_ROOT;
		};
		OBJ_8 /* Utility */ = {
			isa = PBXGroup;
			children = (
				OBJ_9 /* Bool+.swift */,
			);
			name = Utility;
			path = Sources/Utility;
			sourceTree = SOURCE_ROOT;
		};
/* End PBXGroup section */

/* Begin PBXNativeTarget section */
		"Commander::Commander" /* Commander */ = {
			isa = PBXNativeTarget;
			buildConfigurationList = OBJ_51 /* Build configuration list for PBXNativeTarget "Commander" */;
			buildPhases = (
				OBJ_54 /* Sources */,
				OBJ_69 /* Frameworks */,
			);
			buildRules = (
			);
			dependencies = (
				OBJ_71 /* PBXTargetDependency */,
			);
			name = Commander;
			productName = Commander;
			productReference = "Commander::Commander::Product" /* Commander.framework */;
			productType = "com.apple.product-type.framework";
		};
		"Commander::CommanderTests" /* CommanderTests */ = {
			isa = PBXNativeTarget;
			buildConfigurationList = OBJ_87 /* Build configuration list for PBXNativeTarget "CommanderTests" */;
			buildPhases = (
				OBJ_90 /* Sources */,
				OBJ_97 /* Frameworks */,
			);
			buildRules = (
			);
			dependencies = (
				OBJ_100 /* PBXTargetDependency */,
				OBJ_101 /* PBXTargetDependency */,
			);
			name = CommanderTests;
			productName = CommanderTests;
			productReference = "Commander::CommanderTests::Product" /* CommanderTests.xctest */;
			productType = "com.apple.product-type.bundle.unit-test";
		};
		"Commander::SwiftPMPackageDescription" /* CommanderPackageDescription */ = {
			isa = PBXNativeTarget;
			buildConfigurationList = OBJ_74 /* Build configuration list for PBXNativeTarget "CommanderPackageDescription" */;
			buildPhases = (
				OBJ_77 /* Sources */,
			);
			buildRules = (
			);
			dependencies = (
			);
			name = CommanderPackageDescription;
			productName = CommanderPackageDescription;
			productType = "com.apple.product-type.framework";
		};
		"Commander::Utility" /* Utility */ = {
			isa = PBXNativeTarget;
			buildConfigurationList = OBJ_102 /* Build configuration list for PBXNativeTarget "Utility" */;
			buildPhases = (
				OBJ_105 /* Sources */,
				OBJ_107 /* Frameworks */,
			);
			buildRules = (
			);
			dependencies = (
			);
			name = Utility;
			productName = Utility;
			productReference = "Commander::Utility::Product" /* Utility.framework */;
			productType = "com.apple.product-type.framework";
		};
		"Commander::UtilityTests" /* UtilityTests */ = {
			isa = PBXNativeTarget;
			buildConfigurationList = OBJ_108 /* Build configuration list for PBXNativeTarget "UtilityTests" */;
			buildPhases = (
				OBJ_111 /* Sources */,
				OBJ_113 /* Frameworks */,
			);
			buildRules = (
			);
			dependencies = (
				OBJ_115 /* PBXTargetDependency */,
			);
			name = UtilityTests;
			productName = UtilityTests;
			productReference = "Commander::UtilityTests::Product" /* UtilityTests.xctest */;
			productType = "com.apple.product-type.bundle.unit-test";
		};
		"Commander::commander-sample" /* commander-sample */ = {
			isa = PBXNativeTarget;
			buildConfigurationList = OBJ_117 /* Build configuration list for PBXNativeTarget "commander-sample" */;
			buildPhases = (
				OBJ_120 /* Sources */,
				OBJ_123 /* Frameworks */,
			);
			buildRules = (
			);
			dependencies = (
				OBJ_126 /* PBXTargetDependency */,
				OBJ_127 /* PBXTargetDependency */,
			);
			name = "commander-sample";
			productName = commander_sample;
			productReference = "Commander::commander-sample::Product" /* commander-sample */;
			productType = "com.apple.product-type.tool";
		};
/* End PBXNativeTarget section */

/* Begin PBXProject section */
		OBJ_1 /* Project object */ = {
			isa = PBXProject;
			attributes = {
				LastUpgradeCheck = 9999;
			};
			buildConfigurationList = OBJ_2 /* Build configuration list for PBXProject "Commander" */;
			compatibilityVersion = "Xcode 3.2";
			developmentRegion = English;
			hasScannedForEncodings = 0;
			knownRegions = (
				en,
			);
			mainGroup = OBJ_5 /*  */;
			productRefGroup = OBJ_44 /* Products */;
			projectDirPath = "";
			projectRoot = "";
			targets = (
				"Commander::Commander" /* Commander */,
				"Commander::SwiftPMPackageDescription" /* CommanderPackageDescription */,
				"Commander::CommanderPackageTests::ProductTarget" /* CommanderPackageTests */,
				"Commander::CommanderTests" /* CommanderTests */,
				"Commander::Utility" /* Utility */,
				"Commander::UtilityTests" /* UtilityTests */,
				"Commander::commander-sample" /* commander-sample */,
			);
		};
/* End PBXProject section */

/* Begin PBXSourcesBuildPhase section */
		OBJ_105 /* Sources */ = {
			isa = PBXSourcesBuildPhase;
			buildActionMask = 0;
			files = (
				OBJ_106 /* Bool+.swift in Sources */,
			);
			runOnlyForDeploymentPostprocessing = 0;
		};
		OBJ_111 /* Sources */ = {
			isa = PBXSourcesBuildPhase;
			buildActionMask = 0;
			files = (
				OBJ_112 /* UtilityTests.swift in Sources */,
			);
			runOnlyForDeploymentPostprocessing = 0;
		};
		OBJ_120 /* Sources */ = {
			isa = PBXSourcesBuildPhase;
			buildActionMask = 0;
			files = (
				OBJ_121 /* SampleCommand.swift in Sources */,
				OBJ_122 /* main.swift in Sources */,
			);
			runOnlyForDeploymentPostprocessing = 0;
		};
		OBJ_54 /* Sources */ = {
			isa = PBXSourcesBuildPhase;
			buildActionMask = 0;
			files = (
				OBJ_55 /* BuiltIn.swift in Sources */,
				OBJ_56 /* Complete.swift in Sources */,
				OBJ_57 /* Help.swift in Sources */,
				OBJ_58 /* Commander.swift in Sources */,
				OBJ_59 /* CommandDescriber.swift in Sources */,
				OBJ_60 /* CommandPath.swift in Sources */,
				OBJ_61 /* CommandRepresentable.swift in Sources */,
				OBJ_62 /* Error.swift in Sources */,
				OBJ_63 /* OptionDescription.swift in Sources */,
				OBJ_64 /* OptionsDecoder.swift in Sources */,
				OBJ_65 /* OptionsRepresentable.swift in Sources */,
				OBJ_66 /* Shell.swift in Sources */,
				OBJ_67 /* ShellCompletable.swift in Sources */,
				OBJ_68 /* misc.swift in Sources */,
			);
			runOnlyForDeploymentPostprocessing = 0;
		};
		OBJ_77 /* Sources */ = {
			isa = PBXSourcesBuildPhase;
			buildActionMask = 0;
			files = (
				OBJ_78 /* Package.swift in Sources */,
			);
			runOnlyForDeploymentPostprocessing = 0;
		};
		OBJ_90 /* Sources */ = {
			isa = PBXSourcesBuildPhase;
			buildActionMask = 0;
			files = (
				OBJ_91 /* CommandPathTests.swift in Sources */,
				OBJ_92 /* CommandTests.swift in Sources */,
				OBJ_93 /* CommanderTests.swift in Sources */,
				OBJ_94 /* GlobalOptionsTests.swift in Sources */,
				OBJ_95 /* OptionsDecoderTests.swift in Sources */,
				OBJ_96 /* XCTestManifests.swift in Sources */,
			);
			runOnlyForDeploymentPostprocessing = 0;
		};
/* End PBXSourcesBuildPhase section */

/* Begin PBXTargetDependency section */
		OBJ_100 /* PBXTargetDependency */ = {
			isa = PBXTargetDependency;
			target = "Commander::Commander" /* Commander */;
			targetProxy = DCE68E982195D60600B7CA8B /* PBXContainerItemProxy */;
		};
		OBJ_101 /* PBXTargetDependency */ = {
			isa = PBXTargetDependency;
			target = "Commander::Utility" /* Utility */;
			targetProxy = DCE68E992195D60600B7CA8B /* PBXContainerItemProxy */;
		};
		OBJ_115 /* PBXTargetDependency */ = {
			isa = PBXTargetDependency;
			target = "Commander::Utility" /* Utility */;
			targetProxy = DCE68E9A2195D60600B7CA8B /* PBXContainerItemProxy */;
		};
		OBJ_126 /* PBXTargetDependency */ = {
			isa = PBXTargetDependency;
			target = "Commander::Commander" /* Commander */;
			targetProxy = DCE68E952195D60600B7CA8B /* PBXContainerItemProxy */;
		};
		OBJ_127 /* PBXTargetDependency */ = {
			isa = PBXTargetDependency;
			target = "Commander::Utility" /* Utility */;
			targetProxy = DCE68E972195D60600B7CA8B /* PBXContainerItemProxy */;
		};
		OBJ_71 /* PBXTargetDependency */ = {
			isa = PBXTargetDependency;
			target = "Commander::Utility" /* Utility */;
			targetProxy = DCE68E962195D60600B7CA8B /* PBXContainerItemProxy */;
		};
		OBJ_83 /* PBXTargetDependency */ = {
			isa = PBXTargetDependency;
			target = "Commander::UtilityTests" /* UtilityTests */;
			targetProxy = DCE68E9B2195D60600B7CA8B /* PBXContainerItemProxy */;
		};
		OBJ_85 /* PBXTargetDependency */ = {
			isa = PBXTargetDependency;
			target = "Commander::CommanderTests" /* CommanderTests */;
			targetProxy = DCE68E9C2195D60600B7CA8B /* PBXContainerItemProxy */;
		};
/* End PBXTargetDependency section */

/* Begin XCBuildConfiguration section */
		OBJ_103 /* Debug */ = {
			isa = XCBuildConfiguration;
			buildSettings = {
				ENABLE_TESTABILITY = YES;
				FRAMEWORK_SEARCH_PATHS = (
					"$(inherited)",
					"$(PLATFORM_DIR)/Developer/Library/Frameworks",
				);
				HEADER_SEARCH_PATHS = "$(inherited)";
				INFOPLIST_FILE = Commander.xcodeproj/Utility_Info.plist;
				LD_RUNPATH_SEARCH_PATHS = "$(inherited) $(TOOLCHAIN_DIR)/usr/lib/swift/macosx";
				OTHER_CFLAGS = "$(inherited)";
				OTHER_LDFLAGS = "$(inherited)";
				OTHER_SWIFT_FLAGS = "$(inherited)";
				PRODUCT_BUNDLE_IDENTIFIER = Utility;
				PRODUCT_MODULE_NAME = "$(TARGET_NAME:c99extidentifier)";
				PRODUCT_NAME = "$(TARGET_NAME:c99extidentifier)";
				SKIP_INSTALL = YES;
				SWIFT_ACTIVE_COMPILATION_CONDITIONS = "$(inherited)";
				SWIFT_VERSION = 4.0;
				TARGET_NAME = Utility;
			};
			name = Debug;
		};
		OBJ_104 /* Release */ = {
			isa = XCBuildConfiguration;
			buildSettings = {
				ENABLE_TESTABILITY = YES;
				FRAMEWORK_SEARCH_PATHS = (
					"$(inherited)",
					"$(PLATFORM_DIR)/Developer/Library/Frameworks",
				);
				HEADER_SEARCH_PATHS = "$(inherited)";
				INFOPLIST_FILE = Commander.xcodeproj/Utility_Info.plist;
				LD_RUNPATH_SEARCH_PATHS = "$(inherited) $(TOOLCHAIN_DIR)/usr/lib/swift/macosx";
				OTHER_CFLAGS = "$(inherited)";
				OTHER_LDFLAGS = "$(inherited)";
				OTHER_SWIFT_FLAGS = "$(inherited)";
				PRODUCT_BUNDLE_IDENTIFIER = Utility;
				PRODUCT_MODULE_NAME = "$(TARGET_NAME:c99extidentifier)";
				PRODUCT_NAME = "$(TARGET_NAME:c99extidentifier)";
				SKIP_INSTALL = YES;
				SWIFT_ACTIVE_COMPILATION_CONDITIONS = "$(inherited)";
				SWIFT_VERSION = 4.0;
				TARGET_NAME = Utility;
			};
			name = Release;
		};
		OBJ_109 /* Debug */ = {
			isa = XCBuildConfiguration;
			buildSettings = {
				CLANG_ENABLE_MODULES = YES;
				EMBEDDED_CONTENT_CONTAINS_SWIFT = YES;
				FRAMEWORK_SEARCH_PATHS = (
					"$(inherited)",
					"$(PLATFORM_DIR)/Developer/Library/Frameworks",
				);
				HEADER_SEARCH_PATHS = "$(inherited)";
				INFOPLIST_FILE = Commander.xcodeproj/UtilityTests_Info.plist;
				LD_RUNPATH_SEARCH_PATHS = "$(inherited) @loader_path/../Frameworks @loader_path/Frameworks";
				OTHER_CFLAGS = "$(inherited)";
				OTHER_LDFLAGS = "$(inherited)";
				OTHER_SWIFT_FLAGS = "$(inherited)";
				SWIFT_ACTIVE_COMPILATION_CONDITIONS = "$(inherited)";
				SWIFT_VERSION = 4.0;
				TARGET_NAME = UtilityTests;
			};
			name = Debug;
		};
		OBJ_110 /* Release */ = {
			isa = XCBuildConfiguration;
			buildSettings = {
				CLANG_ENABLE_MODULES = YES;
				EMBEDDED_CONTENT_CONTAINS_SWIFT = YES;
				FRAMEWORK_SEARCH_PATHS = (
					"$(inherited)",
					"$(PLATFORM_DIR)/Developer/Library/Frameworks",
				);
				HEADER_SEARCH_PATHS = "$(inherited)";
				INFOPLIST_FILE = Commander.xcodeproj/UtilityTests_Info.plist;
				LD_RUNPATH_SEARCH_PATHS = "$(inherited) @loader_path/../Frameworks @loader_path/Frameworks";
				OTHER_CFLAGS = "$(inherited)";
				OTHER_LDFLAGS = "$(inherited)";
				OTHER_SWIFT_FLAGS = "$(inherited)";
				SWIFT_ACTIVE_COMPILATION_CONDITIONS = "$(inherited)";
				SWIFT_VERSION = 4.0;
				TARGET_NAME = UtilityTests;
			};
			name = Release;
		};
		OBJ_118 /* Debug */ = {
			isa = XCBuildConfiguration;
			buildSettings = {
				FRAMEWORK_SEARCH_PATHS = (
					"$(inherited)",
					"$(PLATFORM_DIR)/Developer/Library/Frameworks",
				);
				HEADER_SEARCH_PATHS = "$(inherited)";
				INFOPLIST_FILE = Commander.xcodeproj/commander_sample_Info.plist;
				LD_RUNPATH_SEARCH_PATHS = "$(inherited) $(TOOLCHAIN_DIR)/usr/lib/swift/macosx @executable_path";
				OTHER_CFLAGS = "$(inherited)";
				OTHER_LDFLAGS = "$(inherited)";
				OTHER_SWIFT_FLAGS = "$(inherited)";
				SWIFT_ACTIVE_COMPILATION_CONDITIONS = "$(inherited)";
				SWIFT_FORCE_DYNAMIC_LINK_STDLIB = YES;
				SWIFT_FORCE_STATIC_LINK_STDLIB = NO;
				SWIFT_VERSION = 4.0;
				TARGET_NAME = "commander-sample";
			};
			name = Debug;
		};
		OBJ_119 /* Release */ = {
			isa = XCBuildConfiguration;
			buildSettings = {
				FRAMEWORK_SEARCH_PATHS = (
					"$(inherited)",
					"$(PLATFORM_DIR)/Developer/Library/Frameworks",
				);
				HEADER_SEARCH_PATHS = "$(inherited)";
				INFOPLIST_FILE = Commander.xcodeproj/commander_sample_Info.plist;
				LD_RUNPATH_SEARCH_PATHS = "$(inherited) $(TOOLCHAIN_DIR)/usr/lib/swift/macosx @executable_path";
				OTHER_CFLAGS = "$(inherited)";
				OTHER_LDFLAGS = "$(inherited)";
				OTHER_SWIFT_FLAGS = "$(inherited)";
				SWIFT_ACTIVE_COMPILATION_CONDITIONS = "$(inherited)";
				SWIFT_FORCE_DYNAMIC_LINK_STDLIB = YES;
				SWIFT_FORCE_STATIC_LINK_STDLIB = NO;
				SWIFT_VERSION = 4.0;
				TARGET_NAME = "commander-sample";
			};
			name = Release;
		};
		OBJ_3 /* Debug */ = {
			isa = XCBuildConfiguration;
			buildSettings = {
				CLANG_ENABLE_OBJC_ARC = YES;
				COMBINE_HIDPI_IMAGES = YES;
				COPY_PHASE_STRIP = NO;
				DEBUG_INFORMATION_FORMAT = dwarf;
				DYLIB_INSTALL_NAME_BASE = "@rpath";
				ENABLE_NS_ASSERTIONS = YES;
				GCC_OPTIMIZATION_LEVEL = 0;
				GCC_PREPROCESSOR_DEFINITIONS = (
					"DEBUG=1",
					"$(inherited)",
				);
				MACOSX_DEPLOYMENT_TARGET = 10.10;
				ONLY_ACTIVE_ARCH = YES;
				OTHER_SWIFT_FLAGS = "-DXcode";
				PRODUCT_NAME = "$(TARGET_NAME)";
				SDKROOT = macosx;
				SUPPORTED_PLATFORMS = "macosx iphoneos iphonesimulator appletvos appletvsimulator watchos watchsimulator";
				SWIFT_ACTIVE_COMPILATION_CONDITIONS = "SWIFT_PACKAGE DEBUG";
				SWIFT_OPTIMIZATION_LEVEL = "-Onone";
				USE_HEADERMAP = NO;
			};
			name = Debug;
		};
		OBJ_4 /* Release */ = {
			isa = XCBuildConfiguration;
			buildSettings = {
				CLANG_ENABLE_OBJC_ARC = YES;
				COMBINE_HIDPI_IMAGES = YES;
				COPY_PHASE_STRIP = YES;
				DEBUG_INFORMATION_FORMAT = "dwarf-with-dsym";
				DYLIB_INSTALL_NAME_BASE = "@rpath";
				GCC_OPTIMIZATION_LEVEL = s;
				MACOSX_DEPLOYMENT_TARGET = 10.10;
				OTHER_SWIFT_FLAGS = "-DXcode";
				PRODUCT_NAME = "$(TARGET_NAME)";
				SDKROOT = macosx;
				SUPPORTED_PLATFORMS = "macosx iphoneos iphonesimulator appletvos appletvsimulator watchos watchsimulator";
				SWIFT_ACTIVE_COMPILATION_CONDITIONS = SWIFT_PACKAGE;
				SWIFT_OPTIMIZATION_LEVEL = "-Owholemodule";
				USE_HEADERMAP = NO;
			};
			name = Release;
		};
		OBJ_52 /* Debug */ = {
			isa = XCBuildConfiguration;
			buildSettings = {
				ENABLE_TESTABILITY = YES;
				FRAMEWORK_SEARCH_PATHS = (
					"$(inherited)",
					"$(PLATFORM_DIR)/Developer/Library/Frameworks",
				);
				HEADER_SEARCH_PATHS = "$(inherited)";
				INFOPLIST_FILE = Commander.xcodeproj/Commander_Info.plist;
				LD_RUNPATH_SEARCH_PATHS = "$(inherited) $(TOOLCHAIN_DIR)/usr/lib/swift/macosx";
				OTHER_CFLAGS = "$(inherited)";
				OTHER_LDFLAGS = "$(inherited)";
				OTHER_SWIFT_FLAGS = "$(inherited)";
				PRODUCT_BUNDLE_IDENTIFIER = Commander;
				PRODUCT_MODULE_NAME = "$(TARGET_NAME:c99extidentifier)";
				PRODUCT_NAME = "$(TARGET_NAME:c99extidentifier)";
				SKIP_INSTALL = YES;
				SWIFT_ACTIVE_COMPILATION_CONDITIONS = "$(inherited)";
				SWIFT_VERSION = 4.0;
				TARGET_NAME = Commander;
			};
			name = Debug;
		};
		OBJ_53 /* Release */ = {
			isa = XCBuildConfiguration;
			buildSettings = {
				ENABLE_TESTABILITY = YES;
				FRAMEWORK_SEARCH_PATHS = (
					"$(inherited)",
					"$(PLATFORM_DIR)/Developer/Library/Frameworks",
				);
				HEADER_SEARCH_PATHS = "$(inherited)";
				INFOPLIST_FILE = Commander.xcodeproj/Commander_Info.plist;
				LD_RUNPATH_SEARCH_PATHS = "$(inherited) $(TOOLCHAIN_DIR)/usr/lib/swift/macosx";
				OTHER_CFLAGS = "$(inherited)";
				OTHER_LDFLAGS = "$(inherited)";
				OTHER_SWIFT_FLAGS = "$(inherited)";
				PRODUCT_BUNDLE_IDENTIFIER = Commander;
				PRODUCT_MODULE_NAME = "$(TARGET_NAME:c99extidentifier)";
				PRODUCT_NAME = "$(TARGET_NAME:c99extidentifier)";
				SKIP_INSTALL = YES;
				SWIFT_ACTIVE_COMPILATION_CONDITIONS = "$(inherited)";
				SWIFT_VERSION = 4.0;
				TARGET_NAME = Commander;
			};
			name = Release;
		};
		OBJ_75 /* Debug */ = {
			isa = XCBuildConfiguration;
			buildSettings = {
				LD = /usr/bin/true;
				OTHER_SWIFT_FLAGS = "-swift-version 4 -I $(TOOLCHAIN_DIR)/usr/lib/swift/pm/4 -target x86_64-apple-macosx10.10 -sdk /Applications/Xcode-beta.app/Contents/Developer/Platforms/MacOSX.platform/Developer/SDKs/MacOSX10.14.sdk";
				SWIFT_VERSION = 4.0;
			};
			name = Debug;
		};
		OBJ_76 /* Release */ = {
			isa = XCBuildConfiguration;
			buildSettings = {
				LD = /usr/bin/true;
				OTHER_SWIFT_FLAGS = "-swift-version 4 -I $(TOOLCHAIN_DIR)/usr/lib/swift/pm/4 -target x86_64-apple-macosx10.10 -sdk /Applications/Xcode-beta.app/Contents/Developer/Platforms/MacOSX.platform/Developer/SDKs/MacOSX10.14.sdk";
				SWIFT_VERSION = 4.0;
			};
			name = Release;
		};
		OBJ_81 /* Debug */ = {
			isa = XCBuildConfiguration;
			buildSettings = {
			};
			name = Debug;
		};
		OBJ_82 /* Release */ = {
			isa = XCBuildConfiguration;
			buildSettings = {
			};
			name = Release;
		};
		OBJ_88 /* Debug */ = {
			isa = XCBuildConfiguration;
			buildSettings = {
				CLANG_ENABLE_MODULES = YES;
				EMBEDDED_CONTENT_CONTAINS_SWIFT = YES;
				FRAMEWORK_SEARCH_PATHS = (
					"$(inherited)",
					"$(PLATFORM_DIR)/Developer/Library/Frameworks",
				);
				HEADER_SEARCH_PATHS = "$(inherited)";
				INFOPLIST_FILE = Commander.xcodeproj/CommanderTests_Info.plist;
				LD_RUNPATH_SEARCH_PATHS = "$(inherited) @loader_path/../Frameworks @loader_path/Frameworks";
				OTHER_CFLAGS = "$(inherited)";
				OTHER_LDFLAGS = "$(inherited)";
				OTHER_SWIFT_FLAGS = "$(inherited)";
				SWIFT_ACTIVE_COMPILATION_CONDITIONS = "$(inherited)";
				SWIFT_VERSION = 4.0;
				TARGET_NAME = CommanderTests;
			};
			name = Debug;
		};
		OBJ_89 /* Release */ = {
			isa = XCBuildConfiguration;
			buildSettings = {
				CLANG_ENABLE_MODULES = YES;
				EMBEDDED_CONTENT_CONTAINS_SWIFT = YES;
				FRAMEWORK_SEARCH_PATHS = (
					"$(inherited)",
					"$(PLATFORM_DIR)/Developer/Library/Frameworks",
				);
				HEADER_SEARCH_PATHS = "$(inherited)";
				INFOPLIST_FILE = Commander.xcodeproj/CommanderTests_Info.plist;
				LD_RUNPATH_SEARCH_PATHS = "$(inherited) @loader_path/../Frameworks @loader_path/Frameworks";
				OTHER_CFLAGS = "$(inherited)";
				OTHER_LDFLAGS = "$(inherited)";
				OTHER_SWIFT_FLAGS = "$(inherited)";
				SWIFT_ACTIVE_COMPILATION_CONDITIONS = "$(inherited)";
				SWIFT_VERSION = 4.0;
				TARGET_NAME = CommanderTests;
			};
			name = Release;
		};
/* End XCBuildConfiguration section */

/* Begin XCConfigurationList section */
		OBJ_102 /* Build configuration list for PBXNativeTarget "Utility" */ = {
			isa = XCConfigurationList;
			buildConfigurations = (
				OBJ_103 /* Debug */,
				OBJ_104 /* Release */,
			);
			defaultConfigurationIsVisible = 0;
			defaultConfigurationName = Release;
		};
		OBJ_108 /* Build configuration list for PBXNativeTarget "UtilityTests" */ = {
			isa = XCConfigurationList;
			buildConfigurations = (
				OBJ_109 /* Debug */,
				OBJ_110 /* Release */,
			);
			defaultConfigurationIsVisible = 0;
			defaultConfigurationName = Release;
		};
		OBJ_117 /* Build configuration list for PBXNativeTarget "commander-sample" */ = {
			isa = XCConfigurationList;
			buildConfigurations = (
				OBJ_118 /* Debug */,
				OBJ_119 /* Release */,
			);
			defaultConfigurationIsVisible = 0;
			defaultConfigurationName = Release;
		};
		OBJ_2 /* Build configuration list for PBXProject "Commander" */ = {
			isa = XCConfigurationList;
			buildConfigurations = (
				OBJ_3 /* Debug */,
				OBJ_4 /* Release */,
			);
			defaultConfigurationIsVisible = 0;
			defaultConfigurationName = Release;
		};
		OBJ_51 /* Build configuration list for PBXNativeTarget "Commander" */ = {
			isa = XCConfigurationList;
			buildConfigurations = (
				OBJ_52 /* Debug */,
				OBJ_53 /* Release */,
			);
			defaultConfigurationIsVisible = 0;
			defaultConfigurationName = Release;
		};
		OBJ_74 /* Build configuration list for PBXNativeTarget "CommanderPackageDescription" */ = {
			isa = XCConfigurationList;
			buildConfigurations = (
				OBJ_75 /* Debug */,
				OBJ_76 /* Release */,
			);
			defaultConfigurationIsVisible = 0;
			defaultConfigurationName = Release;
		};
		OBJ_80 /* Build configuration list for PBXAggregateTarget "CommanderPackageTests" */ = {
			isa = XCConfigurationList;
			buildConfigurations = (
				OBJ_81 /* Debug */,
				OBJ_82 /* Release */,
			);
			defaultConfigurationIsVisible = 0;
			defaultConfigurationName = Release;
		};
		OBJ_87 /* Build configuration list for PBXNativeTarget "CommanderTests" */ = {
			isa = XCConfigurationList;
			buildConfigurations = (
				OBJ_88 /* Debug */,
				OBJ_89 /* Release */,
			);
			defaultConfigurationIsVisible = 0;
			defaultConfigurationName = Release;
		};
/* End XCConfigurationList section */
	};
	rootObject = OBJ_1 /* Project object */;
}
